
Microsoft Visual Studio Solution File, Format Version 12.00
# Visual Studio Version 17
VisualStudioVersion = 17.4.33213.308
MinimumVisualStudioVersion = 10.0.40219.1
Project("{8BC9CEB8-8B4A-11D0-8D11-00A0C91BC942}") = "rgrewalassignment2", "rgrewalassignment2\rgrewalassignment2.vcxproj", "{DC525D4C-417E-4D3A-96B8-4B4C9AB7EEEA}"
EndProject
Global
	GlobalSection(SolutionConfigurationPlatforms) = preSolution
		Debug|x64 = Debug|x64
		Debug|x86 = Debug|x86
		Release|x64 = Release|x64
		Release|x86 = Release|x86
	EndGlobalSection
	GlobalSection(ProjectConfigurationPlatforms) = postSolution
		{DC525D4C-417E-4D3A-96B8-4B4C9AB7EEEA}.Debug|x64.ActiveCfg = Debug|x64
		{DC525D4C-417E-4D3A-96B8-4B4C9AB7EEEA}.Debug|x64.Build.0 = Debug|x64
		{DC525D4C-417E-4D3A-96B8-4B4C9AB7EEEA}.Debug|x86.ActiveCfg = Debug|Win32
		{DC525D4C-417E-4D3A-96B8-4B4C9AB7EEEA}.Debug|x86.Build.0 = Debug|Win32
		{DC525D4C-417E-4D3A-96B8-4B4C9AB7EEEA}.Release|x64.ActiveCfg = Release|x64
		{DC525D4C-417E-4D3A-96B8-4B4C9AB7EEEA}.Release|x64.Build.0 = Release|x64
		{DC525D4C-417E-4D3A-96B8-4B4C9AB7EEEA}.Release|x86.ActiveCfg = Release|Win32
		{DC525D4C-417E-4D3A-96B8-4B4C9AB7EEEA}.Release|x86.Build.0 = Release|Win32
	EndGlobalSection
	GlobalSection(SolutionProperties) = preSolution
		HideSolutionNode = FALSE
	EndGlobalSection
	GlobalSection(ExtensibilityGlobals) = postSolution
		SolutionGuid = {E8E8FA8F-7FE5-470B-9C68-CAD277A22B03}
	EndGlobalSection
EndGlobal
